
Microsoft Visual Studio Solution File, Format Version 12.00
# Visual Studio Version 16
VisualStudioVersion = 16.0.30804.86
MinimumVisualStudioVersion = 10.0.40219.1
Project("{FAE04EC0-301F-11D3-BF4B-00C04F79EFBC}") = "Mapeamento", "Mapeamento\Mapeamento.csproj", "{80A18119-ABAF-4F71-AB21-C9BAF1C011AD}"
EndProject
Global
	GlobalSection(SolutionConfigurationPlatforms) = preSolution
		Debug|Any CPU = Debug|Any CPU
		Release|Any CPU = Release|Any CPU
	EndGlobalSection
	GlobalSection(ProjectConfigurationPlatforms) = postSolution
		{80A18119-ABAF-4F71-AB21-C9BAF1C011AD}.Debug|Any CPU.ActiveCfg = Debug|Any CPU
		{80A18119-ABAF-4F71-AB21-C9BAF1C011AD}.Debug|Any CPU.Build.0 = Debug|Any CPU
		{80A18119-ABAF-4F71-AB21-C9BAF1C011AD}.Release|Any CPU.ActiveCfg = Release|Any CPU
		{80A18119-ABAF-4F71-AB21-C9BAF1C011AD}.Release|Any CPU.Build.0 = Release|Any CPU
	EndGlobalSection
	GlobalSection(SolutionProperties) = preSolution
		HideSolutionNode = FALSE
	EndGlobalSection
	GlobalSection(ExtensibilityGlobals) = postSolution
		SolutionGuid = {305ED1B3-8D7D-4CE4-8535-13D4768F21DE}
	EndGlobalSection
EndGlobal
